
Microsoft Visual Studio Solution File, Format Version 12.00
# Visual Studio Version 16
VisualStudioVersion = 16.0.33529.622
MinimumVisualStudioVersion = 10.0.40219.1
Project("{FAE04EC0-301F-11D3-BF4B-00C04F79EFBC}") = "My banker", "My banker\My banker.csproj", "{858BF0EE-BFDE-4A7E-941E-2168D14EDBF3}"
EndProject
Global
	GlobalSection(SolutionConfigurationPlatforms) = preSolution
		Debug|Any CPU = Debug|Any CPU
		Release|Any CPU = Release|Any CPU
	EndGlobalSection
	GlobalSection(ProjectConfigurationPlatforms) = postSolution
		{858BF0EE-BFDE-4A7E-941E-2168D14EDBF3}.Debug|Any CPU.ActiveCfg = Debug|Any CPU
		{858BF0EE-BFDE-4A7E-941E-2168D14EDBF3}.Debug|Any CPU.Build.0 = Debug|Any CPU
		{858BF0EE-BFDE-4A7E-941E-2168D14EDBF3}.Release|Any CPU.ActiveCfg = Release|Any CPU
		{858BF0EE-BFDE-4A7E-941E-2168D14EDBF3}.Release|Any CPU.Build.0 = Release|Any CPU
	EndGlobalSection
	GlobalSection(SolutionProperties) = preSolution
		HideSolutionNode = FALSE
	EndGlobalSection
	GlobalSection(ExtensibilityGlobals) = postSolution
		SolutionGuid = {2CE32285-3C9C-424D-B6E8-E9D53FA727E8}
	EndGlobalSection
EndGlobal
